
Microsoft Visual Studio Solution File, Format Version 12.00
# Visual Studio Version 16
VisualStudioVersion = 16.0.30907.101
MinimumVisualStudioVersion = 10.0.40219.1
Project("{FAE04EC0-301F-11D3-BF4B-00C04F79EFBC}") = "ConvertData", "ConvertData\ConvertData.csproj", "{AEC0B02B-D44F-4CA7-B5A1-08D45A3CE202}"
EndProject
Global
	GlobalSection(SolutionConfigurationPlatforms) = preSolution
		Debug|Any CPU = Debug|Any CPU
		Release|Any CPU = Release|Any CPU
	EndGlobalSection
	GlobalSection(ProjectConfigurationPlatforms) = postSolution
		{AEC0B02B-D44F-4CA7-B5A1-08D45A3CE202}.Debug|Any CPU.ActiveCfg = Debug|Any CPU
		{AEC0B02B-D44F-4CA7-B5A1-08D45A3CE202}.Debug|Any CPU.Build.0 = Debug|Any CPU
		{AEC0B02B-D44F-4CA7-B5A1-08D45A3CE202}.Release|Any CPU.ActiveCfg = Release|Any CPU
		{AEC0B02B-D44F-4CA7-B5A1-08D45A3CE202}.Release|Any CPU.Build.0 = Release|Any CPU
	EndGlobalSection
	GlobalSection(SolutionProperties) = preSolution
		HideSolutionNode = FALSE
	EndGlobalSection
	GlobalSection(ExtensibilityGlobals) = postSolution
		SolutionGuid = {34EE4C85-F7CC-4E6D-9872-3B2425E8220C}
	EndGlobalSection
EndGlobal
